
Microsoft Visual Studio Solution File, Format Version 12.00
# Visual Studio Version 16
VisualStudioVersion = 16.0.31005.135
MinimumVisualStudioVersion = 10.0.40219.1
Project("{FAE04EC0-301F-11D3-BF4B-00C04F79EFBC}") = "AITL.ApplicatonProcess.Application", "AITL.ApplicatonProcess.Application\AITL.ApplicatonProcess.Application.csproj", "{C09D5164-E2D0-440D-B08A-E2E2D2F08FBD}"
EndProject
Project("{FAE04EC0-301F-11D3-BF4B-00C04F79EFBC}") = "AITL.ApplicatonProcess.January2021.API", "AITL.ApplicatonProcess.January2021.API\AITL.ApplicatonProcess.January2021.API.csproj", "{6197D792-197C-4A6D-9A0F-BD225195FD1A}"
EndProject
Project("{FAE04EC0-301F-11D3-BF4B-00C04F79EFBC}") = "AITL.ApplicatonProcess.January2021.Web", "AITL.ApplicatonProcess.January2021.Web\AITL.ApplicatonProcess.January2021.Web.csproj", "{1C67ACEF-1F50-4418-9CB8-D542A661E5DC}"
EndProject
Global
	GlobalSection(SolutionConfigurationPlatforms) = preSolution
		Debug|Any CPU = Debug|Any CPU
		Release|Any CPU = Release|Any CPU
	EndGlobalSection
	GlobalSection(ProjectConfigurationPlatforms) = postSolution
		{C09D5164-E2D0-440D-B08A-E2E2D2F08FBD}.Debug|Any CPU.ActiveCfg = Debug|Any CPU
		{C09D5164-E2D0-440D-B08A-E2E2D2F08FBD}.Debug|Any CPU.Build.0 = Debug|Any CPU
		{C09D5164-E2D0-440D-B08A-E2E2D2F08FBD}.Release|Any CPU.ActiveCfg = Release|Any CPU
		{C09D5164-E2D0-440D-B08A-E2E2D2F08FBD}.Release|Any CPU.Build.0 = Release|Any CPU
		{6197D792-197C-4A6D-9A0F-BD225195FD1A}.Debug|Any CPU.ActiveCfg = Debug|Any CPU
		{6197D792-197C-4A6D-9A0F-BD225195FD1A}.Debug|Any CPU.Build.0 = Debug|Any CPU
		{6197D792-197C-4A6D-9A0F-BD225195FD1A}.Release|Any CPU.ActiveCfg = Release|Any CPU
		{6197D792-197C-4A6D-9A0F-BD225195FD1A}.Release|Any CPU.Build.0 = Release|Any CPU
		{1C67ACEF-1F50-4418-9CB8-D542A661E5DC}.Debug|Any CPU.ActiveCfg = Debug|Any CPU
		{1C67ACEF-1F50-4418-9CB8-D542A661E5DC}.Debug|Any CPU.Build.0 = Debug|Any CPU
		{1C67ACEF-1F50-4418-9CB8-D542A661E5DC}.Release|Any CPU.ActiveCfg = Release|Any CPU
		{1C67ACEF-1F50-4418-9CB8-D542A661E5DC}.Release|Any CPU.Build.0 = Release|Any CPU
	EndGlobalSection
	GlobalSection(SolutionProperties) = preSolution
		HideSolutionNode = FALSE
	EndGlobalSection
	GlobalSection(ExtensibilityGlobals) = postSolution
		SolutionGuid = {7ABC2C72-917C-4704-99CC-F76947EF774E}
	EndGlobalSection
EndGlobal
